// !$*UTF8*$!
{
	archiveVersion = 1;
	classes = {
	};
	objectVersion = 50;
	objects = {

/* Begin PBXBuildFile section */
		6039002CB94905C5E3E8D799 /* EVEHttp.h in Headers */ = {isa = PBXBuildFile; fileRef = 6039024B6E163534DD8D8F5D /* EVEHttp.h */; };
		6039003238E3619319CF6CC1 /* EVEApiSubscription.m in Sources */ = {isa = PBXBuildFile; fileRef = 60390E571C40D1EDB829F0C2 /* EVEApiSubscription.m */; };
		60390097C0C0561627F9FF97 /* EVEFIRMessagingDelegate.m in Sources */ = {isa = PBXBuildFile; fileRef = 603907F08B8B04CB0E4EDDB5 /* EVEFIRMessagingDelegate.m */; };
		603900B1FB8754EF2FC5BD95 /* EVENotificationEventsLog.m in Sources */ = {isa = PBXBuildFile; fileRef = 603907136044154372736EB7 /* EVENotificationEventsLog.m */; };
		6039013164B4BD4ECAE0DE65 /* EVEHttp.m in Sources */ = {isa = PBXBuildFile; fileRef = 60390D210F32E98F0AE80965 /* EVEHttp.m */; };
		6039018F11E7C31D911E2063 /* EVENotificationEvent.m in Sources */ = {isa = PBXBuildFile; fileRef = 60390C97F2599C77ADF02313 /* EVENotificationEvent.m */; };
		6039020AF3CBF3247A1B9B7D /* EVEFIRMessagingDelegate.h in Headers */ = {isa = PBXBuildFile; fileRef = 6039047905EA10D8261AE335 /* EVEFIRMessagingDelegate.h */; };
		603902A7F5BBF082A54FE80D /* EVEUnsubscribeEvent.m in Sources */ = {isa = PBXBuildFile; fileRef = 603902EF30C489FD6F68997A /* EVEUnsubscribeEvent.m */; };
		60390365DE6063C38F511E1C /* EVEApiResponse.m in Sources */ = {isa = PBXBuildFile; fileRef = 60390550B7B6236452743525 /* EVEApiResponse.m */; };
		6039039C7A9AFB3B7D351102 /* EVENotificationLog.m in Sources */ = {isa = PBXBuildFile; fileRef = 60390DDB202166B818E0E671 /* EVENotificationLog.m */; };
		603904BA7C3EDBB6E6FBCE39 /* EVEApi.h in Headers */ = {isa = PBXBuildFile; fileRef = 603907AB7678121C7B2688A1 /* EVEApi.h */; };
		603904F40891ADD01A4B55F4 /* EVEHelpers.h in Headers */ = {isa = PBXBuildFile; fileRef = 6039068154A424167426B036 /* EVEHelpers.h */; };
		6039055D32796C856D0A1EAE /* EVEDefaults.m in Sources */ = {isa = PBXBuildFile; fileRef = 60390867C52A3842C738B94B /* EVEDefaults.m */; };
		60390607C025B9138F2ABD30 /* EVEApiSubscription.h in Headers */ = {isa = PBXBuildFile; fileRef = 603905E6078EF736BF6233C7 /* EVEApiSubscription.h */; };
		6039063016C1603ACE790525 /* EVENotificationEvent.h in Headers */ = {isa = PBXBuildFile; fileRef = 60390F2A5AC22A5B42DF365F /* EVENotificationEvent.h */; };
		60390683C33DC342B2F1E78B /* EVEDefaults.h in Headers */ = {isa = PBXBuildFile; fileRef = 60390B2F40BE52166476E14A /* EVEDefaults.h */; };
		603906CD92B2E760A8946F50 /* EVEDbContract.h in Headers */ = {isa = PBXBuildFile; fileRef = 60390EA8C94056E982DB8C9C /* EVEDbContract.h */; };
		60390721E4DE205656298215 /* EVEDbContract.m in Sources */ = {isa = PBXBuildFile; fileRef = 60390B6A3CCC037A9D4CD87C /* EVEDbContract.m */; };
		603907249AE1C39788AF6158 /* EVEDatabase.h in Headers */ = {isa = PBXBuildFile; fileRef = 60390DEB40BAC0CCD212929E /* EVEDatabase.h */; };
		603907B063DD23FA4F2679AE /* EVESubscriptionEvent.h in Headers */ = {isa = PBXBuildFile; fileRef = 60390CF3AE71B38956F96C16 /* EVESubscriptionEvent.h */; };
		6039089A08C63B8D7DA9D4EE /* EVEApi.m in Sources */ = {isa = PBXBuildFile; fileRef = 60390CD49D331C36903315F8 /* EVEApi.m */; };
		603908E9CDCFEF027D72DBB7 /* EVEHelpers.m in Sources */ = {isa = PBXBuildFile; fileRef = 60390EFFEF640F4724985233 /* EVEHelpers.m */; };
		60390912C58AB6F8E2B6FC57 /* EVESdkConfiguration.m in Sources */ = {isa = PBXBuildFile; fileRef = 60390587D5B054FCB885AB19 /* EVESdkConfiguration.m */; };
		6039091D3318105109D447F0 /* EVEDbRepository.h in Headers */ = {isa = PBXBuildFile; fileRef = 60390D9B7D9B4B4788A7C5AC /* EVEDbRepository.h */; };
		60390A08D4ED5A20A14BE22E /* EVEPushSdk.m in Sources */ = {isa = PBXBuildFile; fileRef = 60390B9221C6012D439E90C8 /* EVEPushSdk.m */; };
		60390ABE492C0DA34EC36305 /* EVENotificationLog.h in Headers */ = {isa = PBXBuildFile; fileRef = 60390EF17F422A68D48DF4CC /* EVENotificationLog.h */; };
		60390BEC0B15178F474C169C /* EVEModel.h in Headers */ = {isa = PBXBuildFile; fileRef = 60390897C2587D4A3BB565C0 /* EVEModel.h */; };
		60390C1BF3A4F7C9514549FF /* EVENotificationEventsLog.h in Headers */ = {isa = PBXBuildFile; fileRef = 603901471A38255DF857C6DF /* EVENotificationEventsLog.h */; };
		60390C3CB5A140B24B01F049 /* EVEApiResponse.h in Headers */ = {isa = PBXBuildFile; fileRef = 60390863959934F5129D47E4 /* EVEApiResponse.h */; };
		60390C5E47605E8FF9C8D97A /* EVEPushSdk.h in Headers */ = {isa = PBXBuildFile; fileRef = 60390B6FB254B6184B2C2BE5 /* EVEPushSdk.h */; settings = {ATTRIBUTES = (Private, ); }; };
		60390E4A98A1CA9B7B2E335A /* EVESdkConfiguration.h in Headers */ = {isa = PBXBuildFile; fileRef = 6039020FE81BEE778D0F4340 /* EVESdkConfiguration.h */; settings = {ATTRIBUTES = (Private, ); }; };
		60390F48DE5CDEE0A301B6A2 /* EVEUnsubscribeEvent.h in Headers */ = {isa = PBXBuildFile; fileRef = 603902DC7885E00ADF387D25 /* EVEUnsubscribeEvent.h */; };
		60390F4B39CD92155CB3ED49 /* EVESubscriptionEvent.m in Sources */ = {isa = PBXBuildFile; fileRef = 60390F20D74DF71EC774E5B8 /* EVESubscriptionEvent.m */; };
		60390FDC393F630FFBEC9914 /* EVEDatabase.m in Sources */ = {isa = PBXBuildFile; fileRef = 6039030C0D9E42CC2C118011 /* EVEDatabase.m */; };
		60390FE05A73FDEC22C97C3E /* EVEDbRepository.m in Sources */ = {isa = PBXBuildFile; fileRef = 60390459ABFB61EA04E88106 /* EVEDbRepository.m */; };
		8AF623DE9C75B830F10311AE /* libPods-EverlyticPush.a in Frameworks */ = {isa = PBXBuildFile; fileRef = C4B9FF01AE38E6EEC755B67D /* libPods-EverlyticPush.a */; };
		963A7F8022B90B1800533D27 /* EverlyticPush.framework in Frameworks */ = {isa = PBXBuildFile; fileRef = 963A7F7622B90B1800533D27 /* EverlyticPush.framework */; };
		963A7F8522B90B1800533D27 /* EverlyticPushTests.m in Sources */ = {isa = PBXBuildFile; fileRef = 963A7F8422B90B1800533D27 /* EverlyticPushTests.m */; };
		963A7F8722B90B1800533D27 /* EverlyticPush.h in Headers */ = {isa = PBXBuildFile; fileRef = 963A7F7922B90B1800533D27 /* EverlyticPush.h */; settings = {ATTRIBUTES = (Public, ); }; };
		9660628322B90CA400A8CFF4 /* EverlyticPush.m in Sources */ = {isa = PBXBuildFile; fileRef = 9660628222B90CA400A8CFF4 /* EverlyticPush.m */; };
		CBC89F887946F64D8F255308 /* libPods-EverlyticPushTests.a in Frameworks */ = {isa = PBXBuildFile; fileRef = 80A487D3F93D9837A1A9288D /* libPods-EverlyticPushTests.a */; };
/* End PBXBuildFile section */

/* Begin PBXContainerItemProxy section */
		963A7F8122B90B1800533D27 /* PBXContainerItemProxy */ = {
			isa = PBXContainerItemProxy;
			containerPortal = 963A7F6D22B90B1800533D27 /* Project object */;
			proxyType = 1;
			remoteGlobalIDString = 963A7F7522B90B1800533D27;
			remoteInfo = EverlyticPush;
		};
/* End PBXContainerItemProxy section */

/* Begin PBXFileReference section */
		603901471A38255DF857C6DF /* EVENotificationEventsLog.h */ = {isa = PBXFileReference; fileEncoding = 4; lastKnownFileType = sourcecode.c.h; path = EVENotificationEventsLog.h; sourceTree = "<group>"; };
		6039020FE81BEE778D0F4340 /* EVESdkConfiguration.h */ = {isa = PBXFileReference; fileEncoding = 4; lastKnownFileType = sourcecode.c.h; path = EVESdkConfiguration.h; sourceTree = "<group>"; };
		6039024B6E163534DD8D8F5D /* EVEHttp.h */ = {isa = PBXFileReference; fileEncoding = 4; lastKnownFileType = sourcecode.c.h; path = EVEHttp.h; sourceTree = "<group>"; };
		603902DC7885E00ADF387D25 /* EVEUnsubscribeEvent.h */ = {isa = PBXFileReference; fileEncoding = 4; lastKnownFileType = sourcecode.c.h; path = EVEUnsubscribeEvent.h; sourceTree = "<group>"; };
		603902EF30C489FD6F68997A /* EVEUnsubscribeEvent.m */ = {isa = PBXFileReference; fileEncoding = 4; lastKnownFileType = sourcecode.c.objc; path = EVEUnsubscribeEvent.m; sourceTree = "<group>"; };
		6039030C0D9E42CC2C118011 /* EVEDatabase.m */ = {isa = PBXFileReference; fileEncoding = 4; lastKnownFileType = sourcecode.c.objc; path = EVEDatabase.m; sourceTree = "<group>"; };
		60390459ABFB61EA04E88106 /* EVEDbRepository.m */ = {isa = PBXFileReference; fileEncoding = 4; lastKnownFileType = sourcecode.c.objc; path = EVEDbRepository.m; sourceTree = "<group>"; };
		6039047905EA10D8261AE335 /* EVEFIRMessagingDelegate.h */ = {isa = PBXFileReference; fileEncoding = 4; lastKnownFileType = sourcecode.c.h; path = EVEFIRMessagingDelegate.h; sourceTree = "<group>"; };
		60390550B7B6236452743525 /* EVEApiResponse.m */ = {isa = PBXFileReference; fileEncoding = 4; lastKnownFileType = sourcecode.c.objc; path = EVEApiResponse.m; sourceTree = "<group>"; };
		60390587D5B054FCB885AB19 /* EVESdkConfiguration.m */ = {isa = PBXFileReference; fileEncoding = 4; lastKnownFileType = sourcecode.c.objc; path = EVESdkConfiguration.m; sourceTree = "<group>"; };
		603905E6078EF736BF6233C7 /* EVEApiSubscription.h */ = {isa = PBXFileReference; fileEncoding = 4; lastKnownFileType = sourcecode.c.h; path = EVEApiSubscription.h; sourceTree = "<group>"; };
		6039068154A424167426B036 /* EVEHelpers.h */ = {isa = PBXFileReference; fileEncoding = 4; lastKnownFileType = sourcecode.c.h; path = EVEHelpers.h; sourceTree = "<group>"; };
		603907136044154372736EB7 /* EVENotificationEventsLog.m */ = {isa = PBXFileReference; fileEncoding = 4; lastKnownFileType = sourcecode.c.objc; path = EVENotificationEventsLog.m; sourceTree = "<group>"; };
		603907AB7678121C7B2688A1 /* EVEApi.h */ = {isa = PBXFileReference; fileEncoding = 4; lastKnownFileType = sourcecode.c.h; path = EVEApi.h; sourceTree = "<group>"; };
		603907F08B8B04CB0E4EDDB5 /* EVEFIRMessagingDelegate.m */ = {isa = PBXFileReference; fileEncoding = 4; lastKnownFileType = sourcecode.c.objc; path = EVEFIRMessagingDelegate.m; sourceTree = "<group>"; };
		60390863959934F5129D47E4 /* EVEApiResponse.h */ = {isa = PBXFileReference; fileEncoding = 4; lastKnownFileType = sourcecode.c.h; path = EVEApiResponse.h; sourceTree = "<group>"; };
		60390867C52A3842C738B94B /* EVEDefaults.m */ = {isa = PBXFileReference; fileEncoding = 4; lastKnownFileType = sourcecode.c.objc; path = EVEDefaults.m; sourceTree = "<group>"; };
		60390897C2587D4A3BB565C0 /* EVEModel.h */ = {isa = PBXFileReference; fileEncoding = 4; lastKnownFileType = sourcecode.c.h; path = EVEModel.h; sourceTree = "<group>"; };
		60390B2F40BE52166476E14A /* EVEDefaults.h */ = {isa = PBXFileReference; fileEncoding = 4; lastKnownFileType = sourcecode.c.h; path = EVEDefaults.h; sourceTree = "<group>"; };
		60390B6A3CCC037A9D4CD87C /* EVEDbContract.m */ = {isa = PBXFileReference; fileEncoding = 4; lastKnownFileType = sourcecode.c.objc; path = EVEDbContract.m; sourceTree = "<group>"; };
		60390B6FB254B6184B2C2BE5 /* EVEPushSdk.h */ = {isa = PBXFileReference; fileEncoding = 4; lastKnownFileType = sourcecode.c.h; path = EVEPushSdk.h; sourceTree = "<group>"; };
		60390B9221C6012D439E90C8 /* EVEPushSdk.m */ = {isa = PBXFileReference; fileEncoding = 4; lastKnownFileType = sourcecode.c.objc; path = EVEPushSdk.m; sourceTree = "<group>"; };
		60390C97F2599C77ADF02313 /* EVENotificationEvent.m */ = {isa = PBXFileReference; fileEncoding = 4; lastKnownFileType = sourcecode.c.objc; path = EVENotificationEvent.m; sourceTree = "<group>"; };
		60390CD49D331C36903315F8 /* EVEApi.m */ = {isa = PBXFileReference; fileEncoding = 4; lastKnownFileType = sourcecode.c.objc; path = EVEApi.m; sourceTree = "<group>"; };
		60390CF3AE71B38956F96C16 /* EVESubscriptionEvent.h */ = {isa = PBXFileReference; fileEncoding = 4; lastKnownFileType = sourcecode.c.h; path = EVESubscriptionEvent.h; sourceTree = "<group>"; };
		60390D210F32E98F0AE80965 /* EVEHttp.m */ = {isa = PBXFileReference; fileEncoding = 4; lastKnownFileType = sourcecode.c.objc; path = EVEHttp.m; sourceTree = "<group>"; };
		60390D9B7D9B4B4788A7C5AC /* EVEDbRepository.h */ = {isa = PBXFileReference; fileEncoding = 4; lastKnownFileType = sourcecode.c.h; path = EVEDbRepository.h; sourceTree = "<group>"; };
		60390DDB202166B818E0E671 /* EVENotificationLog.m */ = {isa = PBXFileReference; fileEncoding = 4; lastKnownFileType = sourcecode.c.objc; path = EVENotificationLog.m; sourceTree = "<group>"; };
		60390DEB40BAC0CCD212929E /* EVEDatabase.h */ = {isa = PBXFileReference; fileEncoding = 4; lastKnownFileType = sourcecode.c.h; path = EVEDatabase.h; sourceTree = "<group>"; };
		60390E571C40D1EDB829F0C2 /* EVEApiSubscription.m */ = {isa = PBXFileReference; fileEncoding = 4; lastKnownFileType = sourcecode.c.objc; path = EVEApiSubscription.m; sourceTree = "<group>"; };
		60390EA8C94056E982DB8C9C /* EVEDbContract.h */ = {isa = PBXFileReference; fileEncoding = 4; lastKnownFileType = sourcecode.c.h; path = EVEDbContract.h; sourceTree = "<group>"; };
		60390EF17F422A68D48DF4CC /* EVENotificationLog.h */ = {isa = PBXFileReference; fileEncoding = 4; lastKnownFileType = sourcecode.c.h; path = EVENotificationLog.h; sourceTree = "<group>"; };
		60390EFFEF640F4724985233 /* EVEHelpers.m */ = {isa = PBXFileReference; fileEncoding = 4; lastKnownFileType = sourcecode.c.objc; path = EVEHelpers.m; sourceTree = "<group>"; };
		60390F20D74DF71EC774E5B8 /* EVESubscriptionEvent.m */ = {isa = PBXFileReference; fileEncoding = 4; lastKnownFileType = sourcecode.c.objc; path = EVESubscriptionEvent.m; sourceTree = "<group>"; };
		60390F2A5AC22A5B42DF365F /* EVENotificationEvent.h */ = {isa = PBXFileReference; fileEncoding = 4; lastKnownFileType = sourcecode.c.h; path = EVENotificationEvent.h; sourceTree = "<group>"; };
		80A487D3F93D9837A1A9288D /* libPods-EverlyticPushTests.a */ = {isa = PBXFileReference; explicitFileType = archive.ar; includeInIndex = 0; path = "libPods-EverlyticPushTests.a"; sourceTree = BUILT_PRODUCTS_DIR; };
		81EC5AC74519CDF84BBA6AA1 /* Pods-EverlyticPushTests.release.xcconfig */ = {isa = PBXFileReference; includeInIndex = 1; lastKnownFileType = text.xcconfig; name = "Pods-EverlyticPushTests.release.xcconfig"; path = "Target Support Files/Pods-EverlyticPushTests/Pods-EverlyticPushTests.release.xcconfig"; sourceTree = "<group>"; };
		963A7F7622B90B1800533D27 /* EverlyticPush.framework */ = {isa = PBXFileReference; explicitFileType = wrapper.framework; includeInIndex = 0; path = EverlyticPush.framework; sourceTree = BUILT_PRODUCTS_DIR; };
		963A7F7922B90B1800533D27 /* EverlyticPush.h */ = {isa = PBXFileReference; lastKnownFileType = sourcecode.c.h; path = EverlyticPush.h; sourceTree = "<group>"; };
		963A7F7A22B90B1800533D27 /* Info.plist */ = {isa = PBXFileReference; lastKnownFileType = text.plist.xml; path = Info.plist; sourceTree = "<group>"; };
		963A7F7F22B90B1800533D27 /* EverlyticPushTests.xctest */ = {isa = PBXFileReference; explicitFileType = wrapper.cfbundle; includeInIndex = 0; path = EverlyticPushTests.xctest; sourceTree = BUILT_PRODUCTS_DIR; };
		963A7F8422B90B1800533D27 /* EverlyticPushTests.m */ = {isa = PBXFileReference; lastKnownFileType = sourcecode.c.objc; path = EverlyticPushTests.m; sourceTree = "<group>"; };
		963A7F8622B90B1800533D27 /* Info.plist */ = {isa = PBXFileReference; lastKnownFileType = text.plist.xml; path = Info.plist; sourceTree = "<group>"; };
		964A04428D72D0B6837600F2 /* Pods-EverlyticPush.debug.xcconfig */ = {isa = PBXFileReference; includeInIndex = 1; lastKnownFileType = text.xcconfig; name = "Pods-EverlyticPush.debug.xcconfig"; path = "Target Support Files/Pods-EverlyticPush/Pods-EverlyticPush.debug.xcconfig"; sourceTree = "<group>"; };
		9660628222B90CA400A8CFF4 /* EverlyticPush.m */ = {isa = PBXFileReference; lastKnownFileType = sourcecode.c.objc; path = EverlyticPush.m; sourceTree = "<group>"; };
		C4B9FF01AE38E6EEC755B67D /* libPods-EverlyticPush.a */ = {isa = PBXFileReference; explicitFileType = archive.ar; includeInIndex = 0; path = "libPods-EverlyticPush.a"; sourceTree = BUILT_PRODUCTS_DIR; };
		EFE6432150EE9A679C73D8F4 /* Pods-EverlyticPush.release.xcconfig */ = {isa = PBXFileReference; includeInIndex = 1; lastKnownFileType = text.xcconfig; name = "Pods-EverlyticPush.release.xcconfig"; path = "Target Support Files/Pods-EverlyticPush/Pods-EverlyticPush.release.xcconfig"; sourceTree = "<group>"; };
		FECED7CC7ED5EC80FCE9FAD0 /* Pods-EverlyticPushTests.debug.xcconfig */ = {isa = PBXFileReference; includeInIndex = 1; lastKnownFileType = text.xcconfig; name = "Pods-EverlyticPushTests.debug.xcconfig"; path = "Target Support Files/Pods-EverlyticPushTests/Pods-EverlyticPushTests.debug.xcconfig"; sourceTree = "<group>"; };
/* End PBXFileReference section */

/* Begin PBXFrameworksBuildPhase section */
		963A7F7322B90B1800533D27 /* Frameworks */ = {
			isa = PBXFrameworksBuildPhase;
			buildActionMask = 2147483647;
			files = (
				8AF623DE9C75B830F10311AE /* libPods-EverlyticPush.a in Frameworks */,
			);
			runOnlyForDeploymentPostprocessing = 0;
		};
		963A7F7C22B90B1800533D27 /* Frameworks */ = {
			isa = PBXFrameworksBuildPhase;
			buildActionMask = 2147483647;
			files = (
				963A7F8022B90B1800533D27 /* EverlyticPush.framework in Frameworks */,
				CBC89F887946F64D8F255308 /* libPods-EverlyticPushTests.a in Frameworks */,
			);
			runOnlyForDeploymentPostprocessing = 0;
		};
/* End PBXFrameworksBuildPhase section */

/* Begin PBXGroup section */
		2230CA74A8E84DAA2097DD71 /* Pods */ = {
			isa = PBXGroup;
			children = (
				964A04428D72D0B6837600F2 /* Pods-EverlyticPush.debug.xcconfig */,
				EFE6432150EE9A679C73D8F4 /* Pods-EverlyticPush.release.xcconfig */,
				FECED7CC7ED5EC80FCE9FAD0 /* Pods-EverlyticPushTests.debug.xcconfig */,
				81EC5AC74519CDF84BBA6AA1 /* Pods-EverlyticPushTests.release.xcconfig */,
			);
			path = Pods;
			sourceTree = "<group>";
		};
		603901E6DE7A07F1563CA7E5 /* Network */ = {
			isa = PBXGroup;
			children = (
				6039024B6E163534DD8D8F5D /* EVEHttp.h */,
				60390D210F32E98F0AE80965 /* EVEHttp.m */,
				60390CD49D331C36903315F8 /* EVEApi.m */,
				603907AB7678121C7B2688A1 /* EVEApi.h */,
			);
			path = Network;
			sourceTree = "<group>";
		};
		603906AD993F733B394BA61C /* Models */ = {
			isa = PBXGroup;
			children = (
				60390E571C40D1EDB829F0C2 /* EVEApiSubscription.m */,
				603905E6078EF736BF6233C7 /* EVEApiSubscription.h */,
				60390897C2587D4A3BB565C0 /* EVEModel.h */,
				60390F20D74DF71EC774E5B8 /* EVESubscriptionEvent.m */,
				60390CF3AE71B38956F96C16 /* EVESubscriptionEvent.h */,
				60390550B7B6236452743525 /* EVEApiResponse.m */,
				60390863959934F5129D47E4 /* EVEApiResponse.h */,
				603902EF30C489FD6F68997A /* EVEUnsubscribeEvent.m */,
				603902DC7885E00ADF387D25 /* EVEUnsubscribeEvent.h */,
				60390C97F2599C77ADF02313 /* EVENotificationEvent.m */,
				60390F2A5AC22A5B42DF365F /* EVENotificationEvent.h */,
			);
			path = Models;
			sourceTree = "<group>";
		};
		60390757C40CCD4254181AB0 /* Database */ = {
			isa = PBXGroup;
			children = (
				6039030C0D9E42CC2C118011 /* EVEDatabase.m */,
				60390DEB40BAC0CCD212929E /* EVEDatabase.h */,
				60390B6A3CCC037A9D4CD87C /* EVEDbContract.m */,
				60390EA8C94056E982DB8C9C /* EVEDbContract.h */,
			);
			path = Database;
			sourceTree = "<group>";
		};
		603907A13CB8CAEB01F595C8 /* Repositories */ = {
			isa = PBXGroup;
			children = (
				60390DDB202166B818E0E671 /* EVENotificationLog.m */,
				60390EF17F422A68D48DF4CC /* EVENotificationLog.h */,
				603907136044154372736EB7 /* EVENotificationEventsLog.m */,
				603901471A38255DF857C6DF /* EVENotificationEventsLog.h */,
				60390D9B7D9B4B4788A7C5AC /* EVEDbRepository.h */,
				60390459ABFB61EA04E88106 /* EVEDbRepository.m */,
			);
			path = Repositories;
			sourceTree = "<group>";
		};
		963A7F6C22B90B1800533D27 = {
			isa = PBXGroup;
			children = (
				963A7F7822B90B1800533D27 /* EverlyticPush */,
				963A7F8322B90B1800533D27 /* EverlyticPushTests */,
				963A7F7722B90B1800533D27 /* Products */,
				2230CA74A8E84DAA2097DD71 /* Pods */,
				FE817801A5E5A4DB7AF9383E /* Frameworks */,
			);
			sourceTree = "<group>";
		};
		963A7F7722B90B1800533D27 /* Products */ = {
			isa = PBXGroup;
			children = (
				963A7F7622B90B1800533D27 /* EverlyticPush.framework */,
				963A7F7F22B90B1800533D27 /* EverlyticPushTests.xctest */,
			);
			name = Products;
			sourceTree = "<group>";
		};
		963A7F7822B90B1800533D27 /* EverlyticPush */ = {
			isa = PBXGroup;
			children = (
				963A7F7A22B90B1800533D27 /* Info.plist */,
				963A7F7922B90B1800533D27 /* EverlyticPush.h */,
				9660628222B90CA400A8CFF4 /* EverlyticPush.m */,
				60390B9221C6012D439E90C8 /* EVEPushSdk.m */,
				60390B6FB254B6184B2C2BE5 /* EVEPushSdk.h */,
				60390587D5B054FCB885AB19 /* EVESdkConfiguration.m */,
				6039020FE81BEE778D0F4340 /* EVESdkConfiguration.h */,
				603907F08B8B04CB0E4EDDB5 /* EVEFIRMessagingDelegate.m */,
				6039047905EA10D8261AE335 /* EVEFIRMessagingDelegate.h */,
				603906AD993F733B394BA61C /* Models */,
				60390EFFEF640F4724985233 /* EVEHelpers.m */,
				6039068154A424167426B036 /* EVEHelpers.h */,
				603901E6DE7A07F1563CA7E5 /* Network */,
				60390867C52A3842C738B94B /* EVEDefaults.m */,
				60390B2F40BE52166476E14A /* EVEDefaults.h */,
				60390757C40CCD4254181AB0 /* Database */,
				603907A13CB8CAEB01F595C8 /* Repositories */,
			);
			path = EverlyticPush;
			sourceTree = "<group>";
		};
		963A7F8322B90B1800533D27 /* EverlyticPushTests */ = {
			isa = PBXGroup;
			children = (
				963A7F8422B90B1800533D27 /* EverlyticPushTests.m */,
				963A7F8622B90B1800533D27 /* Info.plist */,
			);
			path = EverlyticPushTests;
			sourceTree = "<group>";
		};
		FE817801A5E5A4DB7AF9383E /* Frameworks */ = {
			isa = PBXGroup;
			children = (
				C4B9FF01AE38E6EEC755B67D /* libPods-EverlyticPush.a */,
				80A487D3F93D9837A1A9288D /* libPods-EverlyticPushTests.a */,
			);
			name = Frameworks;
			sourceTree = "<group>";
		};
/* End PBXGroup section */

/* Begin PBXHeadersBuildPhase section */
		963A7F7122B90B1800533D27 /* Headers */ = {
			isa = PBXHeadersBuildPhase;
			buildActionMask = 2147483647;
			files = (
				963A7F8722B90B1800533D27 /* EverlyticPush.h in Headers */,
				60390C5E47605E8FF9C8D97A /* EVEPushSdk.h in Headers */,
				60390E4A98A1CA9B7B2E335A /* EVESdkConfiguration.h in Headers */,
				6039020AF3CBF3247A1B9B7D /* EVEFIRMessagingDelegate.h in Headers */,
				60390607C025B9138F2ABD30 /* EVEApiSubscription.h in Headers */,
				60390BEC0B15178F474C169C /* EVEModel.h in Headers */,
				603904F40891ADD01A4B55F4 /* EVEHelpers.h in Headers */,
				603907B063DD23FA4F2679AE /* EVESubscriptionEvent.h in Headers */,
				6039002CB94905C5E3E8D799 /* EVEHttp.h in Headers */,
				60390683C33DC342B2F1E78B /* EVEDefaults.h in Headers */,
				60390C3CB5A140B24B01F049 /* EVEApiResponse.h in Headers */,
				60390F48DE5CDEE0A301B6A2 /* EVEUnsubscribeEvent.h in Headers */,
				603904BA7C3EDBB6E6FBCE39 /* EVEApi.h in Headers */,
				6039063016C1603ACE790525 /* EVENotificationEvent.h in Headers */,
				603907249AE1C39788AF6158 /* EVEDatabase.h in Headers */,
				603906CD92B2E760A8946F50 /* EVEDbContract.h in Headers */,
				60390ABE492C0DA34EC36305 /* EVENotificationLog.h in Headers */,
				60390C1BF3A4F7C9514549FF /* EVENotificationEventsLog.h in Headers */,
				6039091D3318105109D447F0 /* EVEDbRepository.h in Headers */,
			);
			runOnlyForDeploymentPostprocessing = 0;
		};
/* End PBXHeadersBuildPhase section */

/* Begin PBXNativeTarget section */
		963A7F7522B90B1800533D27 /* EverlyticPush */ = {
			isa = PBXNativeTarget;
			buildConfigurationList = 963A7F8A22B90B1800533D27 /* Build configuration list for PBXNativeTarget "EverlyticPush" */;
			buildPhases = (
				4542484BDEC078F6CBD70484 /* [CP] Check Pods Manifest.lock */,
				963A7F7122B90B1800533D27 /* Headers */,
				963A7F7222B90B1800533D27 /* Sources */,
				963A7F7322B90B1800533D27 /* Frameworks */,
				963A7F7422B90B1800533D27 /* Resources */,
			);
			buildRules = (
			);
			dependencies = (
			);
			name = EverlyticPush;
			productName = EverlyticPush;
			productReference = 963A7F7622B90B1800533D27 /* EverlyticPush.framework */;
			productType = "com.apple.product-type.framework";
		};
		963A7F7E22B90B1800533D27 /* EverlyticPushTests */ = {
			isa = PBXNativeTarget;
			buildConfigurationList = 963A7F8D22B90B1800533D27 /* Build configuration list for PBXNativeTarget "EverlyticPushTests" */;
			buildPhases = (
				D755ECC4710BD21AD75A6C21 /* [CP] Check Pods Manifest.lock */,
				963A7F7B22B90B1800533D27 /* Sources */,
				963A7F7C22B90B1800533D27 /* Frameworks */,
				963A7F7D22B90B1800533D27 /* Resources */,
			);
			buildRules = (
			);
			dependencies = (
				963A7F8222B90B1800533D27 /* PBXTargetDependency */,
			);
			name = EverlyticPushTests;
			productName = EverlyticPushTests;
			productReference = 963A7F7F22B90B1800533D27 /* EverlyticPushTests.xctest */;
			productType = "com.apple.product-type.bundle.unit-test";
		};
/* End PBXNativeTarget section */

/* Begin PBXProject section */
		963A7F6D22B90B1800533D27 /* Project object */ = {
			isa = PBXProject;
			attributes = {
				LastUpgradeCheck = 1020;
				ORGANIZATIONNAME = Everlytic;
				TargetAttributes = {
					963A7F7522B90B1800533D27 = {
						CreatedOnToolsVersion = 10.2.1;
					};
					963A7F7E22B90B1800533D27 = {
						CreatedOnToolsVersion = 10.2.1;
					};
				};
			};
			buildConfigurationList = 963A7F7022B90B1800533D27 /* Build configuration list for PBXProject "EverlyticPush" */;
			compatibilityVersion = "Xcode 9.3";
			developmentRegion = en;
			hasScannedForEncodings = 0;
			knownRegions = (
				en,
			);
			mainGroup = 963A7F6C22B90B1800533D27;
			productRefGroup = 963A7F7722B90B1800533D27 /* Products */;
			projectDirPath = "";
			projectRoot = "";
			targets = (
				963A7F7522B90B1800533D27 /* EverlyticPush */,
				963A7F7E22B90B1800533D27 /* EverlyticPushTests */,
			);
		};
/* End PBXProject section */

/* Begin PBXResourcesBuildPhase section */
		963A7F7422B90B1800533D27 /* Resources */ = {
			isa = PBXResourcesBuildPhase;
			buildActionMask = 2147483647;
			files = (
			);
			runOnlyForDeploymentPostprocessing = 0;
		};
		963A7F7D22B90B1800533D27 /* Resources */ = {
			isa = PBXResourcesBuildPhase;
			buildActionMask = 2147483647;
			files = (
			);
			runOnlyForDeploymentPostprocessing = 0;
		};
/* End PBXResourcesBuildPhase section */

/* Begin PBXShellScriptBuildPhase section */
		4542484BDEC078F6CBD70484 /* [CP] Check Pods Manifest.lock */ = {
			isa = PBXShellScriptBuildPhase;
			buildActionMask = 2147483647;
			files = (
			);
			inputFileListPaths = (
			);
			inputPaths = (
				"${PODS_PODFILE_DIR_PATH}/Podfile.lock",
				"${PODS_ROOT}/Manifest.lock",
			);
			name = "[CP] Check Pods Manifest.lock";
			outputFileListPaths = (
			);
			outputPaths = (
				"$(DERIVED_FILE_DIR)/Pods-EverlyticPush-checkManifestLockResult.txt",
			);
			runOnlyForDeploymentPostprocessing = 0;
			shellPath = /bin/sh;
			shellScript = "diff \"${PODS_PODFILE_DIR_PATH}/Podfile.lock\" \"${PODS_ROOT}/Manifest.lock\" > /dev/null\nif [ $? != 0 ] ; then\n    # print error to STDERR\n    echo \"error: The sandbox is not in sync with the Podfile.lock. Run 'pod install' or update your CocoaPods installation.\" >&2\n    exit 1\nfi\n# This output is used by Xcode 'outputs' to avoid re-running this script phase.\necho \"SUCCESS\" > \"${SCRIPT_OUTPUT_FILE_0}\"\n";
			showEnvVarsInLog = 0;
		};
		D755ECC4710BD21AD75A6C21 /* [CP] Check Pods Manifest.lock */ = {
			isa = PBXShellScriptBuildPhase;
			buildActionMask = 2147483647;
			files = (
			);
			inputFileListPaths = (
			);
			inputPaths = (
				"${PODS_PODFILE_DIR_PATH}/Podfile.lock",
				"${PODS_ROOT}/Manifest.lock",
			);
			name = "[CP] Check Pods Manifest.lock";
			outputFileListPaths = (
			);
			outputPaths = (
				"$(DERIVED_FILE_DIR)/Pods-EverlyticPushTests-checkManifestLockResult.txt",
			);
			runOnlyForDeploymentPostprocessing = 0;
			shellPath = /bin/sh;
			shellScript = "diff \"${PODS_PODFILE_DIR_PATH}/Podfile.lock\" \"${PODS_ROOT}/Manifest.lock\" > /dev/null\nif [ $? != 0 ] ; then\n    # print error to STDERR\n    echo \"error: The sandbox is not in sync with the Podfile.lock. Run 'pod install' or update your CocoaPods installation.\" >&2\n    exit 1\nfi\n# This output is used by Xcode 'outputs' to avoid re-running this script phase.\necho \"SUCCESS\" > \"${SCRIPT_OUTPUT_FILE_0}\"\n";
			showEnvVarsInLog = 0;
		};
/* End PBXShellScriptBuildPhase section */

/* Begin PBXSourcesBuildPhase section */
		963A7F7222B90B1800533D27 /* Sources */ = {
			isa = PBXSourcesBuildPhase;
			buildActionMask = 2147483647;
			files = (
				60390A08D4ED5A20A14BE22E /* EVEPushSdk.m in Sources */,
				60390912C58AB6F8E2B6FC57 /* EVESdkConfiguration.m in Sources */,
				9660628322B90CA400A8CFF4 /* EverlyticPush.m in Sources */,
				60390097C0C0561627F9FF97 /* EVEFIRMessagingDelegate.m in Sources */,
				6039003238E3619319CF6CC1 /* EVEApiSubscription.m in Sources */,
				603908E9CDCFEF027D72DBB7 /* EVEHelpers.m in Sources */,
				60390F4B39CD92155CB3ED49 /* EVESubscriptionEvent.m in Sources */,
				6039013164B4BD4ECAE0DE65 /* EVEHttp.m in Sources */,
				6039055D32796C856D0A1EAE /* EVEDefaults.m in Sources */,
				60390365DE6063C38F511E1C /* EVEApiResponse.m in Sources */,
				603902A7F5BBF082A54FE80D /* EVEUnsubscribeEvent.m in Sources */,
				6039089A08C63B8D7DA9D4EE /* EVEApi.m in Sources */,
				6039018F11E7C31D911E2063 /* EVENotificationEvent.m in Sources */,
				60390FDC393F630FFBEC9914 /* EVEDatabase.m in Sources */,
				60390721E4DE205656298215 /* EVEDbContract.m in Sources */,
				6039039C7A9AFB3B7D351102 /* EVENotificationLog.m in Sources */,
				603900B1FB8754EF2FC5BD95 /* EVENotificationEventsLog.m in Sources */,
				60390FE05A73FDEC22C97C3E /* EVEDbRepository.m in Sources */,
			);
			runOnlyForDeploymentPostprocessing = 0;
		};
		963A7F7B22B90B1800533D27 /* Sources */ = {
			isa = PBXSourcesBuildPhase;
			buildActionMask = 2147483647;
			files = (
				963A7F8522B90B1800533D27 /* EverlyticPushTests.m in Sources */,
			);
			runOnlyForDeploymentPostprocessing = 0;
		};
/* End PBXSourcesBuildPhase section */

/* Begin PBXTargetDependency section */
		963A7F8222B90B1800533D27 /* PBXTargetDependency */ = {
			isa = PBXTargetDependency;
			target = 963A7F7522B90B1800533D27 /* EverlyticPush */;
			targetProxy = 963A7F8122B90B1800533D27 /* PBXContainerItemProxy */;
		};
/* End PBXTargetDependency section */

/* Begin XCBuildConfiguration section */
		963A7F8822B90B1800533D27 /* Debug */ = {
			isa = XCBuildConfiguration;
			buildSettings = {
				ALWAYS_SEARCH_USER_PATHS = NO;
				CLANG_ANALYZER_NONNULL = YES;
				CLANG_ANALYZER_NUMBER_OBJECT_CONVERSION = YES_AGGRESSIVE;
				CLANG_CXX_LANGUAGE_STANDARD = "gnu++14";
				CLANG_CXX_LIBRARY = "libc++";
				CLANG_ENABLE_MODULES = YES;
				CLANG_ENABLE_OBJC_ARC = YES;
				CLANG_ENABLE_OBJC_WEAK = YES;
				CLANG_WARN_BLOCK_CAPTURE_AUTORELEASING = YES;
				CLANG_WARN_BOOL_CONVERSION = YES;
				CLANG_WARN_COMMA = YES;
				CLANG_WARN_CONSTANT_CONVERSION = YES;
				CLANG_WARN_DEPRECATED_OBJC_IMPLEMENTATIONS = YES;
				CLANG_WARN_DIRECT_OBJC_ISA_USAGE = YES_ERROR;
				CLANG_WARN_DOCUMENTATION_COMMENTS = YES;
				CLANG_WARN_EMPTY_BODY = YES;
				CLANG_WARN_ENUM_CONVERSION = YES;
				CLANG_WARN_INFINITE_RECURSION = YES;
				CLANG_WARN_INT_CONVERSION = YES;
				CLANG_WARN_NON_LITERAL_NULL_CONVERSION = YES;
				CLANG_WARN_OBJC_IMPLICIT_RETAIN_SELF = YES;
				CLANG_WARN_OBJC_LITERAL_CONVERSION = YES;
				CLANG_WARN_OBJC_ROOT_CLASS = YES_ERROR;
				CLANG_WARN_RANGE_LOOP_ANALYSIS = YES;
				CLANG_WARN_STRICT_PROTOTYPES = YES;
				CLANG_WARN_SUSPICIOUS_MOVE = YES;
				CLANG_WARN_UNGUARDED_AVAILABILITY = YES_AGGRESSIVE;
				CLANG_WARN_UNREACHABLE_CODE = YES;
				CLANG_WARN__DUPLICATE_METHOD_MATCH = YES;
				CODE_SIGN_IDENTITY = "iPhone Developer";
				COPY_PHASE_STRIP = NO;
				CURRENT_PROJECT_VERSION = 1;
				DEBUG_INFORMATION_FORMAT = dwarf;
				ENABLE_STRICT_OBJC_MSGSEND = YES;
				ENABLE_TESTABILITY = YES;
				GCC_C_LANGUAGE_STANDARD = gnu11;
				GCC_DYNAMIC_NO_PIC = NO;
				GCC_NO_COMMON_BLOCKS = YES;
				GCC_OPTIMIZATION_LEVEL = 0;
				GCC_PREPROCESSOR_DEFINITIONS = (
					"DEBUG=1",
					"$(inherited)",
				);
				GCC_WARN_64_TO_32_BIT_CONVERSION = YES;
				GCC_WARN_ABOUT_RETURN_TYPE = YES_ERROR;
				GCC_WARN_UNDECLARED_SELECTOR = YES;
				GCC_WARN_UNINITIALIZED_AUTOS = YES_AGGRESSIVE;
				GCC_WARN_UNUSED_FUNCTION = YES;
				GCC_WARN_UNUSED_VARIABLE = YES;
				IPHONEOS_DEPLOYMENT_TARGET = 12.2;
				MTL_ENABLE_DEBUG_INFO = INCLUDE_SOURCE;
				MTL_FAST_MATH = YES;
				ONLY_ACTIVE_ARCH = YES;
				SDKROOT = iphoneos;
				VERSIONING_SYSTEM = "apple-generic";
				VERSION_INFO_PREFIX = "";
			};
			name = Debug;
		};
		963A7F8922B90B1800533D27 /* Release */ = {
			isa = XCBuildConfiguration;
			buildSettings = {
				ALWAYS_SEARCH_USER_PATHS = NO;
				CLANG_ANALYZER_NONNULL = YES;
				CLANG_ANALYZER_NUMBER_OBJECT_CONVERSION = YES_AGGRESSIVE;
				CLANG_CXX_LANGUAGE_STANDARD = "gnu++14";
				CLANG_CXX_LIBRARY = "libc++";
				CLANG_ENABLE_MODULES = YES;
				CLANG_ENABLE_OBJC_ARC = YES;
				CLANG_ENABLE_OBJC_WEAK = YES;
				CLANG_WARN_BLOCK_CAPTURE_AUTORELEASING = YES;
				CLANG_WARN_BOOL_CONVERSION = YES;
				CLANG_WARN_COMMA = YES;
				CLANG_WARN_CONSTANT_CONVERSION = YES;
				CLANG_WARN_DEPRECATED_OBJC_IMPLEMENTATIONS = YES;
				CLANG_WARN_DIRECT_OBJC_ISA_USAGE = YES_ERROR;
				CLANG_WARN_DOCUMENTATION_COMMENTS = YES;
				CLANG_WARN_EMPTY_BODY = YES;
				CLANG_WARN_ENUM_CONVERSION = YES;
				CLANG_WARN_INFINITE_RECURSION = YES;
				CLANG_WARN_INT_CONVERSION = YES;
				CLANG_WARN_NON_LITERAL_NULL_CONVERSION = YES;
				CLANG_WARN_OBJC_IMPLICIT_RETAIN_SELF = YES;
				CLANG_WARN_OBJC_LITERAL_CONVERSION = YES;
				CLANG_WARN_OBJC_ROOT_CLASS = YES_ERROR;
				CLANG_WARN_RANGE_LOOP_ANALYSIS = YES;
				CLANG_WARN_STRICT_PROTOTYPES = YES;
				CLANG_WARN_SUSPICIOUS_MOVE = YES;
				CLANG_WARN_UNGUARDED_AVAILABILITY = YES_AGGRESSIVE;
				CLANG_WARN_UNREACHABLE_CODE = YES;
				CLANG_WARN__DUPLICATE_METHOD_MATCH = YES;
				CODE_SIGN_IDENTITY = "iPhone Developer";
				COPY_PHASE_STRIP = NO;
				CURRENT_PROJECT_VERSION = 1;
				DEBUG_INFORMATION_FORMAT = "dwarf-with-dsym";
				ENABLE_NS_ASSERTIONS = NO;
				ENABLE_STRICT_OBJC_MSGSEND = YES;
				GCC_C_LANGUAGE_STANDARD = gnu11;
				GCC_NO_COMMON_BLOCKS = YES;
				GCC_WARN_64_TO_32_BIT_CONVERSION = YES;
				GCC_WARN_ABOUT_RETURN_TYPE = YES_ERROR;
				GCC_WARN_UNDECLARED_SELECTOR = YES;
				GCC_WARN_UNINITIALIZED_AUTOS = YES_AGGRESSIVE;
				GCC_WARN_UNUSED_FUNCTION = YES;
				GCC_WARN_UNUSED_VARIABLE = YES;
				IPHONEOS_DEPLOYMENT_TARGET = 12.2;
				MTL_ENABLE_DEBUG_INFO = NO;
				MTL_FAST_MATH = YES;
				SDKROOT = iphoneos;
				VALIDATE_PRODUCT = YES;
				VERSIONING_SYSTEM = "apple-generic";
				VERSION_INFO_PREFIX = "";
			};
			name = Release;
		};
		963A7F8B22B90B1800533D27 /* Debug */ = {
			isa = XCBuildConfiguration;
			baseConfigurationReference = 964A04428D72D0B6837600F2 /* Pods-EverlyticPush.debug.xcconfig */;
			buildSettings = {
				CODE_SIGN_IDENTITY = "";
				CODE_SIGN_STYLE = Automatic;
				DEFINES_MODULE = YES;
				DEVELOPMENT_TEAM = 2QP283S4J6;
				DYLIB_COMPATIBILITY_VERSION = 1;
				DYLIB_CURRENT_VERSION = 1;
				DYLIB_INSTALL_NAME_BASE = "@rpath";
				INFOPLIST_FILE = EverlyticPush/Info.plist;
				INSTALL_PATH = "$(LOCAL_LIBRARY_DIR)/Frameworks";
				IPHONEOS_DEPLOYMENT_TARGET = 8.0;
				LD_RUNPATH_SEARCH_PATHS = (
					"$(inherited)",
					"@executable_path/Frameworks",
					"@loader_path/Frameworks",
				);
				MACH_O_TYPE = mh_dylib;
				PRODUCT_BUNDLE_IDENTIFIER = com.everlytic.ios.EverlyticPush;
				PRODUCT_NAME = "$(TARGET_NAME:c99extidentifier)";
				SKIP_INSTALL = YES;
				TARGETED_DEVICE_FAMILY = "1,2";
			};
			name = Debug;
		};
		963A7F8C22B90B1800533D27 /* Release */ = {
			isa = XCBuildConfiguration;
			baseConfigurationReference = EFE6432150EE9A679C73D8F4 /* Pods-EverlyticPush.release.xcconfig */;
			buildSettings = {
				CODE_SIGN_IDENTITY = "";
				CODE_SIGN_STYLE = Automatic;
				DEFINES_MODULE = YES;
				DEVELOPMENT_TEAM = 2QP283S4J6;
				DYLIB_COMPATIBILITY_VERSION = 1;
				DYLIB_CURRENT_VERSION = 1;
				DYLIB_INSTALL_NAME_BASE = "@rpath";
				INFOPLIST_FILE = EverlyticPush/Info.plist;
				INSTALL_PATH = "$(LOCAL_LIBRARY_DIR)/Frameworks";
				IPHONEOS_DEPLOYMENT_TARGET = 8.0;
				LD_RUNPATH_SEARCH_PATHS = (
					"$(inherited)",
					"@executable_path/Frameworks",
					"@loader_path/Frameworks",
				);
				MACH_O_TYPE = mh_dylib;
				PRODUCT_BUNDLE_IDENTIFIER = com.everlytic.ios.EverlyticPush;
				PRODUCT_NAME = "$(TARGET_NAME:c99extidentifier)";
				SKIP_INSTALL = YES;
				TARGETED_DEVICE_FAMILY = "1,2";
			};
			name = Release;
		};
		963A7F8E22B90B1800533D27 /* Debug */ = {
			isa = XCBuildConfiguration;
			baseConfigurationReference = FECED7CC7ED5EC80FCE9FAD0 /* Pods-EverlyticPushTests.debug.xcconfig */;
			buildSettings = {
				CODE_SIGN_STYLE = Automatic;
				DEVELOPMENT_TEAM = 2QP283S4J6;
				INFOPLIST_FILE = EverlyticPushTests/Info.plist;
				LD_RUNPATH_SEARCH_PATHS = (
					"$(inherited)",
					"@executable_path/Frameworks",
					"@loader_path/Frameworks",
				);
				PRODUCT_BUNDLE_IDENTIFIER = com.everlytic.ios.EverlyticPushTests;
				PRODUCT_NAME = "$(TARGET_NAME)";
				TARGETED_DEVICE_FAMILY = "1,2";
				USER_HEADER_SEARCH_PATHS = "\"${PROJECT_DIR}/Pods\"/**";
			};
			name = Debug;
		};
		963A7F8F22B90B1800533D27 /* Release */ = {
			isa = XCBuildConfiguration;
			baseConfigurationReference = 81EC5AC74519CDF84BBA6AA1 /* Pods-EverlyticPushTests.release.xcconfig */;
			buildSettings = {
				CODE_SIGN_STYLE = Automatic;
				DEVELOPMENT_TEAM = 2QP283S4J6;
				INFOPLIST_FILE = EverlyticPushTests/Info.plist;
				LD_RUNPATH_SEARCH_PATHS = (
					"$(inherited)",
					"@executable_path/Frameworks",
					"@loader_path/Frameworks",
				);
				PRODUCT_BUNDLE_IDENTIFIER = com.everlytic.ios.EverlyticPushTests;
				PRODUCT_NAME = "$(TARGET_NAME)";
				TARGETED_DEVICE_FAMILY = "1,2";
				USER_HEADER_SEARCH_PATHS = "\"${PROJECT_DIR}/Pods\"/**";
			};
			name = Release;
		};
/* End XCBuildConfiguration section */

/* Begin XCConfigurationList section */
		963A7F7022B90B1800533D27 /* Build configuration list for PBXProject "EverlyticPush" */ = {
			isa = XCConfigurationList;
			buildConfigurations = (
				963A7F8822B90B1800533D27 /* Debug */,
				963A7F8922B90B1800533D27 /* Release */,
			);
			defaultConfigurationIsVisible = 0;
			defaultConfigurationName = Release;
		};
		963A7F8A22B90B1800533D27 /* Build configuration list for PBXNativeTarget "EverlyticPush" */ = {
			isa = XCConfigurationList;
			buildConfigurations = (
				963A7F8B22B90B1800533D27 /* Debug */,
				963A7F8C22B90B1800533D27 /* Release */,
			);
			defaultConfigurationIsVisible = 0;
			defaultConfigurationName = Release;
		};
		963A7F8D22B90B1800533D27 /* Build configuration list for PBXNativeTarget "EverlyticPushTests" */ = {
			isa = XCConfigurationList;
			buildConfigurations = (
				963A7F8E22B90B1800533D27 /* Debug */,
				963A7F8F22B90B1800533D27 /* Release */,
			);
			defaultConfigurationIsVisible = 0;
			defaultConfigurationName = Release;
		};
/* End XCConfigurationList section */
	};
	rootObject = 963A7F6D22B90B1800533D27 /* Project object */;
}
